
Microsoft Visual Studio Solution File, Format Version 12.00
# Visual Studio Version 16
VisualStudioVersion = 16.0.31624.102
MinimumVisualStudioVersion = 10.0.40219.1
Project("{8BC9CEB8-8B4A-11D0-8D11-00A0C91BC942}") = "CreditMetrics", "CreditMetrics\CreditMetrics.vcxproj", "{774D464D-F9EB-42E1-A1B4-B45147D30816}"
EndProject
Global
	GlobalSection(SolutionConfigurationPlatforms) = preSolution
		Debug|x64 = Debug|x64
		Debug|x86 = Debug|x86
		Release|x64 = Release|x64
		Release|x86 = Release|x86
	EndGlobalSection
	GlobalSection(ProjectConfigurationPlatforms) = postSolution
		{774D464D-F9EB-42E1-A1B4-B45147D30816}.Debug|x64.ActiveCfg = Debug|x64
		{774D464D-F9EB-42E1-A1B4-B45147D30816}.Debug|x64.Build.0 = Debug|x64
		{774D464D-F9EB-42E1-A1B4-B45147D30816}.Debug|x86.ActiveCfg = Debug|Win32
		{774D464D-F9EB-42E1-A1B4-B45147D30816}.Debug|x86.Build.0 = Debug|Win32
		{774D464D-F9EB-42E1-A1B4-B45147D30816}.Release|x64.ActiveCfg = Release|x64
		{774D464D-F9EB-42E1-A1B4-B45147D30816}.Release|x64.Build.0 = Release|x64
		{774D464D-F9EB-42E1-A1B4-B45147D30816}.Release|x86.ActiveCfg = Release|Win32
		{774D464D-F9EB-42E1-A1B4-B45147D30816}.Release|x86.Build.0 = Release|Win32
	EndGlobalSection
	GlobalSection(SolutionProperties) = preSolution
		HideSolutionNode = FALSE
	EndGlobalSection
	GlobalSection(ExtensibilityGlobals) = postSolution
		SolutionGuid = {E82C8C89-6398-434F-BCB3-667824F4BAD2}
	EndGlobalSection
EndGlobal
